
Microsoft Visual Studio Solution File, Format Version 12.00
# Visual Studio 15
VisualStudioVersion = 15.0.26730.8
MinimumVisualStudioVersion = 10.0.40219.1
Project("{FAE04EC0-301F-11D3-BF4B-00C04F79EFBC}") = "BatchMaster", "BatchMaster\BatchMaster.csproj", "{775B72AF-A7F0-4E56-98D0-A7DE2935EEC9}"
EndProject
Project("{FAE04EC0-301F-11D3-BF4B-00C04F79EFBC}") = "BatchMaster.Test", "BatchMaster.Test\BatchMaster.Test.csproj", "{4E8E7C3C-D066-43D5-8DEC-A832DF06C454}"
EndProject
Global
	GlobalSection(SolutionConfigurationPlatforms) = preSolution
		Debug|Any CPU = Debug|Any CPU
		Release|Any CPU = Release|Any CPU
	EndGlobalSection
	GlobalSection(ProjectConfigurationPlatforms) = postSolution
		{775B72AF-A7F0-4E56-98D0-A7DE2935EEC9}.Debug|Any CPU.ActiveCfg = Debug|Any CPU
		{775B72AF-A7F0-4E56-98D0-A7DE2935EEC9}.Debug|Any CPU.Build.0 = Debug|Any CPU
		{775B72AF-A7F0-4E56-98D0-A7DE2935EEC9}.Release|Any CPU.ActiveCfg = Release|Any CPU
		{775B72AF-A7F0-4E56-98D0-A7DE2935EEC9}.Release|Any CPU.Build.0 = Release|Any CPU
		{4E8E7C3C-D066-43D5-8DEC-A832DF06C454}.Debug|Any CPU.ActiveCfg = Debug|Any CPU
		{4E8E7C3C-D066-43D5-8DEC-A832DF06C454}.Debug|Any CPU.Build.0 = Debug|Any CPU
		{4E8E7C3C-D066-43D5-8DEC-A832DF06C454}.Release|Any CPU.ActiveCfg = Release|Any CPU
		{4E8E7C3C-D066-43D5-8DEC-A832DF06C454}.Release|Any CPU.Build.0 = Release|Any CPU
	EndGlobalSection
	GlobalSection(SolutionProperties) = preSolution
		HideSolutionNode = FALSE
	EndGlobalSection
	GlobalSection(ExtensibilityGlobals) = postSolution
		SolutionGuid = {2D9F88D7-7385-44A6-86CC-D1EED8244D5C}
	EndGlobalSection
EndGlobal
